
Microsoft Visual Studio Solution File, Format Version 12.00
# Visual Studio Version 16
VisualStudioVersion = 16.0.30320.27
MinimumVisualStudioVersion = 10.0.40219.1
Project("{9A19103F-16F7-4668-BE54-9A1E7A4F7556}") = "CalculatorUI", "CalculatorUI\CalculatorUI.csproj", "{10C637CC-6FDA-488C-997B-8948F3FF8100}"
EndProject
Project("{9A19103F-16F7-4668-BE54-9A1E7A4F7556}") = "CalculatorLibrary", "CalculatorLibrary\CalculatorLibrary.csproj", "{12EC2DED-4CD1-4744-AE01-2D5BC5DFFC7C}"
EndProject
Project("{FAE04EC0-301F-11D3-BF4B-00C04F79EFBC}") = "CalculatorTest", "CalculatorTest\CalculatorTest.csproj", "{0271D6DA-2C74-4318-9B08-A6ECD3218972}"
EndProject
Global
	GlobalSection(SolutionConfigurationPlatforms) = preSolution
		Debug|Any CPU = Debug|Any CPU
		Release|Any CPU = Release|Any CPU
	EndGlobalSection
	GlobalSection(ProjectConfigurationPlatforms) = postSolution
		{10C637CC-6FDA-488C-997B-8948F3FF8100}.Debug|Any CPU.ActiveCfg = Debug|Any CPU
		{10C637CC-6FDA-488C-997B-8948F3FF8100}.Debug|Any CPU.Build.0 = Debug|Any CPU
		{10C637CC-6FDA-488C-997B-8948F3FF8100}.Release|Any CPU.ActiveCfg = Release|Any CPU
		{10C637CC-6FDA-488C-997B-8948F3FF8100}.Release|Any CPU.Build.0 = Release|Any CPU
		{12EC2DED-4CD1-4744-AE01-2D5BC5DFFC7C}.Debug|Any CPU.ActiveCfg = Debug|Any CPU
		{12EC2DED-4CD1-4744-AE01-2D5BC5DFFC7C}.Debug|Any CPU.Build.0 = Debug|Any CPU
		{12EC2DED-4CD1-4744-AE01-2D5BC5DFFC7C}.Release|Any CPU.ActiveCfg = Release|Any CPU
		{12EC2DED-4CD1-4744-AE01-2D5BC5DFFC7C}.Release|Any CPU.Build.0 = Release|Any CPU
		{0271D6DA-2C74-4318-9B08-A6ECD3218972}.Debug|Any CPU.ActiveCfg = Debug|Any CPU
		{0271D6DA-2C74-4318-9B08-A6ECD3218972}.Debug|Any CPU.Build.0 = Debug|Any CPU
		{0271D6DA-2C74-4318-9B08-A6ECD3218972}.Release|Any CPU.ActiveCfg = Release|Any CPU
		{0271D6DA-2C74-4318-9B08-A6ECD3218972}.Release|Any CPU.Build.0 = Release|Any CPU
	EndGlobalSection
	GlobalSection(SolutionProperties) = preSolution
		HideSolutionNode = FALSE
	EndGlobalSection
	GlobalSection(ExtensibilityGlobals) = postSolution
		SolutionGuid = {53227161-0387-46F8-82EE-3656863E6425}
	EndGlobalSection
EndGlobal
